// !$*UTF8*$!
{
	archiveVersion = 1;
	classes = {
	};
	objectVersion = 46;
	objects = {

/* Begin PBXBuildFile section */
		0AD215E01A60D9B000CE211A /* AppDelegate.swift in Sources */ = {isa = PBXBuildFile; fileRef = 0AD215DF1A60D9B000CE211A /* AppDelegate.swift */; };
		0AD215E21A60D9B000CE211A /* ViewController.swift in Sources */ = {isa = PBXBuildFile; fileRef = 0AD215E11A60D9B000CE211A /* ViewController.swift */; };
		0AD215E51A60D9B000CE211A /* Main.storyboard in Resources */ = {isa = PBXBuildFile; fileRef = 0AD215E31A60D9B000CE211A /* Main.storyboard */; };
		0AD215E71A60D9B000CE211A /* Images.xcassets in Resources */ = {isa = PBXBuildFile; fileRef = 0AD215E61A60D9B000CE211A /* Images.xcassets */; };
		0AD215EA1A60D9B000CE211A /* LaunchScreen.xib in Resources */ = {isa = PBXBuildFile; fileRef = 0AD215E81A60D9B000CE211A /* LaunchScreen.xib */; };
		0AD215F61A60D9B000CE211A /* Linear_Lights_OutTests.swift in Sources */ = {isa = PBXBuildFile; fileRef = 0AD215F51A60D9B000CE211A /* Linear_Lights_OutTests.swift */; };
/* End PBXBuildFile section */

/* Begin PBXContainerItemProxy section */
		0AD215F01A60D9B000CE211A /* PBXContainerItemProxy */ = {
			isa = PBXContainerItemProxy;
			containerPortal = 0AD215D21A60D9B000CE211A /* Project object */;
			proxyType = 1;
			remoteGlobalIDString = 0AD215D91A60D9B000CE211A;
			remoteInfo = "Linear Lights Out";
		};
/* End PBXContainerItemProxy section */

/* Begin PBXFileReference section */
		0AD215DA1A60D9B000CE211A /* Linear Lights Out.app */ = {isa = PBXFileReference; explicitFileType = wrapper.application; includeInIndex = 0; path = "Linear Lights Out.app"; sourceTree = BUILT_PRODUCTS_DIR; };
		0AD215DE1A60D9B000CE211A /* Info.plist */ = {isa = PBXFileReference; lastKnownFileType = text.plist.xml; path = Info.plist; sourceTree = "<group>"; };
		0AD215DF1A60D9B000CE211A /* AppDelegate.swift */ = {isa = PBXFileReference; lastKnownFileType = sourcecode.swift; path = AppDelegate.swift; sourceTree = "<group>"; };
		0AD215E11A60D9B000CE211A /* ViewController.swift */ = {isa = PBXFileReference; lastKnownFileType = sourcecode.swift; path = ViewController.swift; sourceTree = "<group>"; };
		0AD215E41A60D9B000CE211A /* Base */ = {isa = PBXFileReference; lastKnownFileType = file.storyboard; name = Base; path = Base.lproj/Main.storyboard; sourceTree = "<group>"; };
		0AD215E61A60D9B000CE211A /* Images.xcassets */ = {isa = PBXFileReference; lastKnownFileType = folder.assetcatalog; path = Images.xcassets; sourceTree = "<group>"; };
		0AD215E91A60D9B000CE211A /* Base */ = {isa = PBXFileReference; lastKnownFileType = file.xib; name = Base; path = Base.lproj/LaunchScreen.xib; sourceTree = "<group>"; };
		0AD215EF1A60D9B000CE211A /* Linear Lights OutTests.xctest */ = {isa = PBXFileReference; explicitFileType = wrapper.cfbundle; includeInIndex = 0; path = "Linear Lights OutTests.xctest"; sourceTree = BUILT_PRODUCTS_DIR; };
		0AD215F41A60D9B000CE211A /* Info.plist */ = {isa = PBXFileReference; lastKnownFileType = text.plist.xml; path = Info.plist; sourceTree = "<group>"; };
		0AD215F51A60D9B000CE211A /* Linear_Lights_OutTests.swift */ = {isa = PBXFileReference; lastKnownFileType = sourcecode.swift; path = Linear_Lights_OutTests.swift; sourceTree = "<group>"; };
/* End PBXFileReference section */

/* Begin PBXFrameworksBuildPhase section */
		0AD215D71A60D9B000CE211A /* Frameworks */ = {
			isa = PBXFrameworksBuildPhase;
			buildActionMask = 2147483647;
			files = (
			);
			runOnlyForDeploymentPostprocessing = 0;
		};
		0AD215EC1A60D9B000CE211A /* Frameworks */ = {
			isa = PBXFrameworksBuildPhase;
			buildActionMask = 2147483647;
			files = (
			);
			runOnlyForDeploymentPostprocessing = 0;
		};
/* End PBXFrameworksBuildPhase section */

/* Begin PBXGroup section */
		0AD215D11A60D9B000CE211A = {
			isa = PBXGroup;
			children = (
				0AD215DC1A60D9B000CE211A /* Linear Lights Out */,
				0AD215F21A60D9B000CE211A /* Linear Lights OutTests */,
				0AD215DB1A60D9B000CE211A /* Products */,
			);
			sourceTree = "<group>";
		};
		0AD215DB1A60D9B000CE211A /* Products */ = {
			isa = PBXGroup;
			children = (
				0AD215DA1A60D9B000CE211A /* Linear Lights Out.app */,
				0AD215EF1A60D9B000CE211A /* Linear Lights OutTests.xctest */,
			);
			name = Products;
			sourceTree = "<group>";
		};
		0AD215DC1A60D9B000CE211A /* Linear Lights Out */ = {
			isa = PBXGroup;
			children = (
				0AD215DF1A60D9B000CE211A /* AppDelegate.swift */,
				0AD215E11A60D9B000CE211A /* ViewController.swift */,
				0AD215E31A60D9B000CE211A /* Main.storyboard */,
				0AD215E61A60D9B000CE211A /* Images.xcassets */,
				0AD215E81A60D9B000CE211A /* LaunchScreen.xib */,
				0AD215DD1A60D9B000CE211A /* Supporting Files */,
			);
			path = "Linear Lights Out";
			sourceTree = "<group>";
		};
		0AD215DD1A60D9B000CE211A /* Supporting Files */ = {
			isa = PBXGroup;
			children = (
				0AD215DE1A60D9B000CE211A /* Info.plist */,
			);
			name = "Supporting Files";
			sourceTree = "<group>";
		};
		0AD215F21A60D9B000CE211A /* Linear Lights OutTests */ = {
			isa = PBXGroup;
			children = (
				0AD215F51A60D9B000CE211A /* Linear_Lights_OutTests.swift */,
				0AD215F31A60D9B000CE211A /* Supporting Files */,
			);
			path = "Linear Lights OutTests";
			sourceTree = "<group>";
		};
		0AD215F31A60D9B000CE211A /* Supporting Files */ = {
			isa = PBXGroup;
			children = (
				0AD215F41A60D9B000CE211A /* Info.plist */,
			);
			name = "Supporting Files";
			sourceTree = "<group>";
		};
/* End PBXGroup section */

/* Begin PBXNativeTarget section */
		0AD215D91A60D9B000CE211A /* Linear Lights Out */ = {
			isa = PBXNativeTarget;
			buildConfigurationList = 0AD215F91A60D9B000CE211A /* Build configuration list for PBXNativeTarget "Linear Lights Out" */;
			buildPhases = (
				0AD215D61A60D9B000CE211A /* Sources */,
				0AD215D71A60D9B000CE211A /* Frameworks */,
				0AD215D81A60D9B000CE211A /* Resources */,
			);
			buildRules = (
			);
			dependencies = (
			);
			name = "Linear Lights Out";
			productName = "Linear Lights Out";
			productReference = 0AD215DA1A60D9B000CE211A /* Linear Lights Out.app */;
			productType = "com.apple.product-type.application";
		};
		0AD215EE1A60D9B000CE211A /* Linear Lights OutTests */ = {
			isa = PBXNativeTarget;
			buildConfigurationList = 0AD215FC1A60D9B000CE211A /* Build configuration list for PBXNativeTarget "Linear Lights OutTests" */;
			buildPhases = (
				0AD215EB1A60D9B000CE211A /* Sources */,
				0AD215EC1A60D9B000CE211A /* Frameworks */,
				0AD215ED1A60D9B000CE211A /* Resources */,
			);
			buildRules = (
			);
			dependencies = (
				0AD215F11A60D9B000CE211A /* PBXTargetDependency */,
			);
			name = "Linear Lights OutTests";
			productName = "Linear Lights OutTests";
			productReference = 0AD215EF1A60D9B000CE211A /* Linear Lights OutTests.xctest */;
			productType = "com.apple.product-type.bundle.unit-test";
		};
/* End PBXNativeTarget section */

/* Begin PBXProject section */
		0AD215D21A60D9B000CE211A /* Project object */ = {
			isa = PBXProject;
			attributes = {
				LastUpgradeCheck = 0610;
				ORGANIZATIONNAME = "CSSE Department";
				TargetAttributes = {
					0AD215D91A60D9B000CE211A = {
						CreatedOnToolsVersion = 6.1.1;
					};
					0AD215EE1A60D9B000CE211A = {
						CreatedOnToolsVersion = 6.1.1;
						TestTargetID = 0AD215D91A60D9B000CE211A;
					};
				};
			};
			buildConfigurationList = 0AD215D51A60D9B000CE211A /* Build configuration list for PBXProject "Linear Lights Out" */;
			compatibilityVersion = "Xcode 3.2";
			developmentRegion = English;
			hasScannedForEncodings = 0;
			knownRegions = (
				en,
				Base,
			);
			mainGroup = 0AD215D11A60D9B000CE211A;
			productRefGroup = 0AD215DB1A60D9B000CE211A /* Products */;
			projectDirPath = "";
			projectRoot = "";
			targets = (
				0AD215D91A60D9B000CE211A /* Linear Lights Out */,
				0AD215EE1A60D9B000CE211A /* Linear Lights OutTests */,
			);
		};
/* End PBXProject section */

/* Begin PBXResourcesBuildPhase section */
		0AD215D81A60D9B000CE211A /* Resources */ = {
			isa = PBXResourcesBuildPhase;
			buildActionMask = 2147483647;
			files = (
				0AD215E51A60D9B000CE211A /* Main.storyboard in Resources */,
				0AD215EA1A60D9B000CE211A /* LaunchScreen.xib in Resources */,
				0AD215E71A60D9B000CE211A /* Images.xcassets in Resources */,
			);
			runOnlyForDeploymentPostprocessing = 0;
		};
		0AD215ED1A60D9B000CE211A /* Resources */ = {
			isa = PBXResourcesBuildPhase;
			buildActionMask = 2147483647;
			files = (
			);
			runOnlyForDeploymentPostprocessing = 0;
		};
/* End PBXResourcesBuildPhase section */

/* Begin PBXSourcesBuildPhase section */
		0AD215D61A60D9B000CE211A /* Sources */ = {
			isa = PBXSourcesBuildPhase;
			buildActionMask = 2147483647;
			files = (
				0AD215E21A60D9B000CE211A /* ViewController.swift in Sources */,
				0AD215E01A60D9B000CE211A /* AppDelegate.swift in Sources */,
			);
			runOnlyForDeploymentPostprocessing = 0;
		};
		0AD215EB1A60D9B000CE211A /* Sources */ = {
			isa = PBXSourcesBuildPhase;
			buildActionMask = 2147483647;
			files = (
				0AD215F61A60D9B000CE211A /* Linear_Lights_OutTests.swift in Sources */,
			);
			runOnlyForDeploymentPostprocessing = 0;
		};
/* End PBXSourcesBuildPhase section */

/* Begin PBXTargetDependency section */
		0AD215F11A60D9B000CE211A /* PBXTargetDependency */ = {
			isa = PBXTargetDependency;
			target = 0AD215D91A60D9B000CE211A /* Linear Lights Out */;
			targetProxy = 0AD215F01A60D9B000CE211A /* PBXContainerItemProxy */;
		};
/* End PBXTargetDependency section */

/* Begin PBXVariantGroup section */
		0AD215E31A60D9B000CE211A /* Main.storyboard */ = {
			isa = PBXVariantGroup;
			children = (
				0AD215E41A60D9B000CE211A /* Base */,
			);
			name = Main.storyboard;
			sourceTree = "<group>";
		};
		0AD215E81A60D9B000CE211A /* LaunchScreen.xib */ = {
			isa = PBXVariantGroup;
			children = (
				0AD215E91A60D9B000CE211A /* Base */,
			);
			name = LaunchScreen.xib;
			sourceTree = "<group>";
		};
/* End PBXVariantGroup section */

/* Begin XCBuildConfiguration section */
		0AD215F71A60D9B000CE211A /* Debug */ = {
			isa = XCBuildConfiguration;
			buildSettings = {
				ALWAYS_SEARCH_USER_PATHS = NO;
				CLANG_CXX_LANGUAGE_STANDARD = "gnu++0x";
				CLANG_CXX_LIBRARY = "libc++";
				CLANG_ENABLE_MODULES = YES;
				CLANG_ENABLE_OBJC_ARC = YES;
				CLANG_WARN_BOOL_CONVERSION = YES;
				CLANG_WARN_CONSTANT_CONVERSION = YES;
				CLANG_WARN_DIRECT_OBJC_ISA_USAGE = YES_ERROR;
				CLANG_WARN_EMPTY_BODY = YES;
				CLANG_WARN_ENUM_CONVERSION = YES;
				CLANG_WARN_INT_CONVERSION = YES;
				CLANG_WARN_OBJC_ROOT_CLASS = YES_ERROR;
				CLANG_WARN_UNREACHABLE_CODE = YES;
				CLANG_WARN__DUPLICATE_METHOD_MATCH = YES;
				"CODE_SIGN_IDENTITY[sdk=iphoneos*]" = "iPhone Developer";
				COPY_PHASE_STRIP = NO;
				ENABLE_STRICT_OBJC_MSGSEND = YES;
				GCC_C_LANGUAGE_STANDARD = gnu99;
				GCC_DYNAMIC_NO_PIC = NO;
				GCC_OPTIMIZATION_LEVEL = 0;
				GCC_PREPROCESSOR_DEFINITIONS = (
					"DEBUG=1",
					"$(inherited)",
				);
				GCC_SYMBOLS_PRIVATE_EXTERN = NO;
				GCC_WARN_64_TO_32_BIT_CONVERSION = YES;
				GCC_WARN_ABOUT_RETURN_TYPE = YES_ERROR;
				GCC_WARN_UNDECLARED_SELECTOR = YES;
				GCC_WARN_UNINITIALIZED_AUTOS = YES_AGGRESSIVE;
				GCC_WARN_UNUSED_FUNCTION = YES;
				GCC_WARN_UNUSED_VARIABLE = YES;
				IPHONEOS_DEPLOYMENT_TARGET = 8.1;
				MTL_ENABLE_DEBUG_INFO = YES;
				ONLY_ACTIVE_ARCH = YES;
				SDKROOT = iphoneos;
				SWIFT_OPTIMIZATION_LEVEL = "-Onone";
				TARGETED_DEVICE_FAMILY = "1,2";
			};
			name = Debug;
		};
		0AD215F81A60D9B000CE211A /* Release */ = {
			isa = XCBuildConfiguration;
			buildSettings = {
				ALWAYS_SEARCH_USER_PATHS = NO;
				CLANG_CXX_LANGUAGE_STANDARD = "gnu++0x";
				CLANG_CXX_LIBRARY = "libc++";
				CLANG_ENABLE_MODULES = YES;
				CLANG_ENABLE_OBJC_ARC = YES;
				CLANG_WARN_BOOL_CONVERSION = YES;
				CLANG_WARN_CONSTANT_CONVERSION = YES;
				CLANG_WARN_DIRECT_OBJC_ISA_USAGE = YES_ERROR;
				CLANG_WARN_EMPTY_BODY = YES;
				CLANG_WARN_ENUM_CONVERSION = YES;
				CLANG_WARN_INT_CONVERSION = YES;
				CLANG_WARN_OBJC_ROOT_CLASS = YES_ERROR;
				CLANG_WARN_UNREACHABLE_CODE = YES;
				CLANG_WARN__DUPLICATE_METHOD_MATCH = YES;
				"CODE_SIGN_IDENTITY[sdk=iphoneos*]" = "iPhone Developer";
				COPY_PHASE_STRIP = YES;
				ENABLE_NS_ASSERTIONS = NO;
				ENABLE_STRICT_OBJC_MSGSEND = YES;
				GCC_C_LANGUAGE_STANDARD = gnu99;
				GCC_WARN_64_TO_32_BIT_CONVERSION = YES;
				GCC_WARN_ABOUT_RETURN_TYPE = YES_ERROR;
				GCC_WARN_UNDECLARED_SELECTOR = YES;
				GCC_WARN_UNINITIALIZED_AUTOS = YES_AGGRESSIVE;
				GCC_WARN_UNUSED_FUNCTION = YES;
				GCC_WARN_UNUSED_VARIABLE = YES;
				IPHONEOS_DEPLOYMENT_TARGET = 8.1;
				MTL_ENABLE_DEBUG_INFO = NO;
				SDKROOT = iphoneos;
				TARGETED_DEVICE_FAMILY = "1,2";
				VALIDATE_PRODUCT = YES;
			};
			name = Release;
		};
		0AD215FA1A60D9B000CE211A /* Debug */ = {
			isa = XCBuildConfiguration;
			buildSettings = {
				ASSETCATALOG_COMPILER_APPICON_NAME = AppIcon;
				INFOPLIST_FILE = "Linear Lights Out/Info.plist";
				LD_RUNPATH_SEARCH_PATHS = "$(inherited) @executable_path/Frameworks";
				PRODUCT_NAME = "$(TARGET_NAME)";
			};
			name = Debug;
		};
		0AD215FB1A60D9B000CE211A /* Release */ = {
			isa = XCBuildConfiguration;
			buildSettings = {
				ASSETCATALOG_COMPILER_APPICON_NAME = AppIcon;
				INFOPLIST_FILE = "Linear Lights Out/Info.plist";
				LD_RUNPATH_SEARCH_PATHS = "$(inherited) @executable_path/Frameworks";
				PRODUCT_NAME = "$(TARGET_NAME)";
			};
			name = Release;
		};
		0AD215FD1A60D9B000CE211A /* Debug */ = {
			isa = XCBuildConfiguration;
			buildSettings = {
				BUNDLE_LOADER = "$(TEST_HOST)";
				FRAMEWORK_SEARCH_PATHS = (
					"$(SDKROOT)/Developer/Library/Frameworks",
					"$(inherited)",
				);
				GCC_PREPROCESSOR_DEFINITIONS = (
					"DEBUG=1",
					"$(inherited)",
				);
				INFOPLIST_FILE = "Linear Lights OutTests/Info.plist";
				LD_RUNPATH_SEARCH_PATHS = "$(inherited) @executable_path/Frameworks @loader_path/Frameworks";
				PRODUCT_NAME = "$(TARGET_NAME)";
				TEST_HOST = "$(BUILT_PRODUCTS_DIR)/Linear Lights Out.app/Linear Lights Out";
			};
			name = Debug;
		};
		0AD215FE1A60D9B000CE211A /* Release */ = {
			isa = XCBuildConfiguration;
			buildSettings = {
				BUNDLE_LOADER = "$(TEST_HOST)";
				FRAMEWORK_SEARCH_PATHS = (
					"$(SDKROOT)/Developer/Library/Frameworks",
					"$(inherited)",
				);
				INFOPLIST_FILE = "Linear Lights OutTests/Info.plist";
				LD_RUNPATH_SEARCH_PATHS = "$(inherited) @executable_path/Frameworks @loader_path/Frameworks";
				PRODUCT_NAME = "$(TARGET_NAME)";
				TEST_HOST = "$(BUILT_PRODUCTS_DIR)/Linear Lights Out.app/Linear Lights Out";
			};
			name = Release;
		};
/* End XCBuildConfiguration section */

/* Begin XCConfigurationList section */
		0AD215D51A60D9B000CE211A /* Build configuration list for PBXProject "Linear Lights Out" */ = {
			isa = XCConfigurationList;
			buildConfigurations = (
				0AD215F71A60D9B000CE211A /* Debug */,
				0AD215F81A60D9B000CE211A /* Release */,
			);
			defaultConfigurationIsVisible = 0;
			defaultConfigurationName = Release;
		};
		0AD215F91A60D9B000CE211A /* Build configuration list for PBXNativeTarget "Linear Lights Out" */ = {
			isa = XCConfigurationList;
			buildConfigurations = (
				0AD215FA1A60D9B000CE211A /* Debug */,
				0AD215FB1A60D9B000CE211A /* Release */,
			);
			defaultConfigurationIsVisible = 0;
		};
		0AD215FC1A60D9B000CE211A /* Build configuration list for PBXNativeTarget "Linear Lights OutTests" */ = {
			isa = XCConfigurationList;
			buildConfigurations = (
				0AD215FD1A60D9B000CE211A /* Debug */,
				0AD215FE1A60D9B000CE211A /* Release */,
			);
			defaultConfigurationIsVisible = 0;
		};
/* End XCConfigurationList section */
	};
	rootObject = 0AD215D21A60D9B000CE211A /* Project object */;
}
